PODS:
  - OpenSSL-Universal (1.0.1.p)
  - SocketRocket (0.4)
  - themis (0.9.2):
    - OpenSSL-Universal (= 1.0.1.p)
    - themis/core (= 0.9.2)
    - themis/objcwrapper (= 0.9.2)
  - themis/core (0.9.2):
    - OpenSSL-Universal (= 1.0.1.p)
  - themis/objcwrapper (0.9.2):
    - OpenSSL-Universal (= 1.0.1.p)
    - themis/core

DEPENDENCIES:
  - SocketRocket (= 0.4)
  - themis (= 0.9.2)

SPEC CHECKSUMS:
  OpenSSL-Universal: 8746d6f33874f85a30f5be1dc6e696d1b2ebcf01
  SocketRocket: 01443933b7bc362621325f4607b80b4286a99707
  themis: ddf23ce88b2b9ce6fc9a54f4df87630c3af522de

COCOAPODS: 0.39.0
