PODS:
  - OpenSSL-Universal (1.0.1.l)
  - SocketRocket (0.2.0)
  - themis (0.9.1):
    - OpenSSL-Universal (~> 1.0.1l)
    - themis/core (= 0.9.1)
    - themis/objcwrapper (= 0.9.1)
  - themis/core (0.9.1):
    - OpenSSL-Universal (~> 1.0.1l)
  - themis/objcwrapper (0.9.1):
    - OpenSSL-Universal (~> 1.0.1l)
    - themis/core

DEPENDENCIES:
  - SocketRocket
  - themis (from `https://github.com/cossacklabs/themis.git`)

EXTERNAL SOURCES:
  themis:
    :git: https://github.com/cossacklabs/themis.git

CHECKOUT OPTIONS:
  themis:
    :commit: 38ca47335e76093799b53be10296a2ada515765c
    :git: https://github.com/cossacklabs/themis.git

SPEC CHECKSUMS:
  OpenSSL-Universal: eeb215fff0c6b65b6ba8f4262ef52d3baf2df2d7
  SocketRocket: 54a4ac2f354c4e8c51ef5dcd4a13bc556d4f2b7c
  themis: 54822b4996a116fa1d81dc8a2ab02c5e60a3b3cd

COCOAPODS: 0.37.2
